// !$*UTF8*$!
{
	archiveVersion = 1;
	classes = {
	};
	objectVersion = 50;
	objects = {

/* Begin PBXBuildFile section */
		D98892B32616FC180052CE94 /* LZHToolsManger.swift in Sources */ = {isa = PBXBuildFile; fileRef = D98892B22616FC180052CE94 /* LZHToolsManger.swift */; };
		D9C5E1E8261D6D8000CDF097 /* EventCalendar.swift in Sources */ = {isa = PBXBuildFile; fileRef = D9C5E1E6261D6D8000CDF097 /* EventCalendar.swift */; };
		D9C5E1E9261D6D8000CDF097 /* PLEventManger.swift in Sources */ = {isa = PBXBuildFile; fileRef = D9C5E1E7261D6D8000CDF097 /* PLEventManger.swift */; };
		D9D001222616E19600BD0243 /* AppDelegate.swift in Sources */ = {isa = PBXBuildFile; fileRef = D9D001212616E19600BD0243 /* AppDelegate.swift */; };
		D9D001242616E19600BD0243 /* SceneDelegate.swift in Sources */ = {isa = PBXBuildFile; fileRef = D9D001232616E19600BD0243 /* SceneDelegate.swift */; };
		D9D001262616E19600BD0243 /* ViewController.swift in Sources */ = {isa = PBXBuildFile; fileRef = D9D001252616E19600BD0243 /* ViewController.swift */; };
		D9D001292616E19600BD0243 /* Main.storyboard in Resources */ = {isa = PBXBuildFile; fileRef = D9D001272616E19600BD0243 /* Main.storyboard */; };
		D9D0012B2616E19800BD0243 /* Assets.xcassets in Resources */ = {isa = PBXBuildFile; fileRef = D9D0012A2616E19800BD0243 /* Assets.xcassets */; };
		D9D0012E2616E19800BD0243 /* LaunchScreen.storyboard in Resources */ = {isa = PBXBuildFile; fileRef = D9D0012C2616E19800BD0243 /* LaunchScreen.storyboard */; };
		D9D001392616E19900BD0243 /* LZHToolsDemoTests.swift in Sources */ = {isa = PBXBuildFile; fileRef = D9D001382616E19900BD0243 /* LZHToolsDemoTests.swift */; };
		D9D001442616E19900BD0243 /* LZHToolsDemoUITests.swift in Sources */ = {isa = PBXBuildFile; fileRef = D9D001432616E19900BD0243 /* LZHToolsDemoUITests.swift */; };
/* End PBXBuildFile section */

/* Begin PBXContainerItemProxy section */
		D9D001352616E19900BD0243 /* PBXContainerItemProxy */ = {
			isa = PBXContainerItemProxy;
			containerPortal = D9D001162616E19600BD0243 /* Project object */;
			proxyType = 1;
			remoteGlobalIDString = D9D0011D2616E19600BD0243;
			remoteInfo = LZHToolsDemo;
		};
		D9D001402616E19900BD0243 /* PBXContainerItemProxy */ = {
			isa = PBXContainerItemProxy;
			containerPortal = D9D001162616E19600BD0243 /* Project object */;
			proxyType = 1;
			remoteGlobalIDString = D9D0011D2616E19600BD0243;
			remoteInfo = LZHToolsDemo;
		};
/* End PBXContainerItemProxy section */

/* Begin PBXFileReference section */
		D98892B22616FC180052CE94 /* LZHToolsManger.swift */ = {isa = PBXFileReference; lastKnownFileType = sourcecode.swift; path = LZHToolsManger.swift; sourceTree = "<group>"; };
		D9C5E1E6261D6D8000CDF097 /* EventCalendar.swift */ = {isa = PBXFileReference; fileEncoding = 4; lastKnownFileType = sourcecode.swift; path = EventCalendar.swift; sourceTree = "<group>"; };
		D9C5E1E7261D6D8000CDF097 /* PLEventManger.swift */ = {isa = PBXFileReference; fileEncoding = 4; lastKnownFileType = sourcecode.swift; path = PLEventManger.swift; sourceTree = "<group>"; };
		D9D0011E2616E19600BD0243 /* LZHToolsDemo.app */ = {isa = PBXFileReference; explicitFileType = wrapper.application; includeInIndex = 0; path = LZHToolsDemo.app; sourceTree = BUILT_PRODUCTS_DIR; };
		D9D001212616E19600BD0243 /* AppDelegate.swift */ = {isa = PBXFileReference; lastKnownFileType = sourcecode.swift; path = AppDelegate.swift; sourceTree = "<group>"; };
		D9D001232616E19600BD0243 /* SceneDelegate.swift */ = {isa = PBXFileReference; lastKnownFileType = sourcecode.swift; path = SceneDelegate.swift; sourceTree = "<group>"; };
		D9D001252616E19600BD0243 /* ViewController.swift */ = {isa = PBXFileReference; lastKnownFileType = sourcecode.swift; path = ViewController.swift; sourceTree = "<group>"; };
		D9D001282616E19600BD0243 /* Base */ = {isa = PBXFileReference; lastKnownFileType = file.storyboard; name = Base; path = Base.lproj/Main.storyboard; sourceTree = "<group>"; };
		D9D0012A2616E19800BD0243 /* Assets.xcassets */ = {isa = PBXFileReference; lastKnownFileType = folder.assetcatalog; path = Assets.xcassets; sourceTree = "<group>"; };
		D9D0012D2616E19800BD0243 /* Base */ = {isa = PBXFileReference; lastKnownFileType = file.storyboard; name = Base; path = Base.lproj/LaunchScreen.storyboard; sourceTree = "<group>"; };
		D9D0012F2616E19800BD0243 /* Info.plist */ = {isa = PBXFileReference; lastKnownFileType = text.plist.xml; path = Info.plist; sourceTree = "<group>"; };
		D9D001342616E19900BD0243 /* LZHToolsDemoTests.xctest */ = {isa = PBXFileReference; explicitFileType = wrapper.cfbundle; includeInIndex = 0; path = LZHToolsDemoTests.xctest; sourceTree = BUILT_PRODUCTS_DIR; };
		D9D001382616E19900BD0243 /* LZHToolsDemoTests.swift */ = {isa = PBXFileReference; lastKnownFileType = sourcecode.swift; path = LZHToolsDemoTests.swift; sourceTree = "<group>"; };
		D9D0013A2616E19900BD0243 /* Info.plist */ = {isa = PBXFileReference; lastKnownFileType = text.plist.xml; path = Info.plist; sourceTree = "<group>"; };
		D9D0013F2616E19900BD0243 /* LZHToolsDemoUITests.xctest */ = {isa = PBXFileReference; explicitFileType = wrapper.cfbundle; includeInIndex = 0; path = LZHToolsDemoUITests.xctest; sourceTree = BUILT_PRODUCTS_DIR; };
		D9D001432616E19900BD0243 /* LZHToolsDemoUITests.swift */ = {isa = PBXFileReference; lastKnownFileType = sourcecode.swift; path = LZHToolsDemoUITests.swift; sourceTree = "<group>"; };
		D9D001452616E19900BD0243 /* Info.plist */ = {isa = PBXFileReference; lastKnownFileType = text.plist.xml; path = Info.plist; sourceTree = "<group>"; };
/* End PBXFileReference section */

/* Begin PBXFrameworksBuildPhase section */
		D9D0011B2616E19600BD0243 /* Frameworks */ = {
			isa = PBXFrameworksBuildPhase;
			buildActionMask = 2147483647;
			files = (
			);
			runOnlyForDeploymentPostprocessing = 0;
		};
		D9D001312616E19900BD0243 /* Frameworks */ = {
			isa = PBXFrameworksBuildPhase;
			buildActionMask = 2147483647;
			files = (
			);
			runOnlyForDeploymentPostprocessing = 0;
		};
		D9D0013C2616E19900BD0243 /* Frameworks */ = {
			isa = PBXFrameworksBuildPhase;
			buildActionMask = 2147483647;
			files = (
			);
			runOnlyForDeploymentPostprocessing = 0;
		};
/* End PBXFrameworksBuildPhase section */

/* Begin PBXGroup section */
		D98892B12616FBF80052CE94 /* LZHTools */ = {
			isa = PBXGroup;
			children = (
				D9C5E1E6261D6D8000CDF097 /* EventCalendar.swift */,
				D9C5E1E7261D6D8000CDF097 /* PLEventManger.swift */,
				D98892B22616FC180052CE94 /* LZHToolsManger.swift */,
			);
			path = LZHTools;
			sourceTree = "<group>";
		};
		D9D001152616E19600BD0243 = {
			isa = PBXGroup;
			children = (
				D98892B12616FBF80052CE94 /* LZHTools */,
				D9D001202616E19600BD0243 /* LZHToolsDemo */,
				D9D001372616E19900BD0243 /* LZHToolsDemoTests */,
				D9D001422616E19900BD0243 /* LZHToolsDemoUITests */,
				D9D0011F2616E19600BD0243 /* Products */,
			);
			sourceTree = "<group>";
		};
		D9D0011F2616E19600BD0243 /* Products */ = {
			isa = PBXGroup;
			children = (
				D9D0011E2616E19600BD0243 /* LZHToolsDemo.app */,
				D9D001342616E19900BD0243 /* LZHToolsDemoTests.xctest */,
				D9D0013F2616E19900BD0243 /* LZHToolsDemoUITests.xctest */,
			);
			name = Products;
			sourceTree = "<group>";
		};
		D9D001202616E19600BD0243 /* LZHToolsDemo */ = {
			isa = PBXGroup;
			children = (
				D9D001212616E19600BD0243 /* AppDelegate.swift */,
				D9D001232616E19600BD0243 /* SceneDelegate.swift */,
				D9D001252616E19600BD0243 /* ViewController.swift */,
				D9D001272616E19600BD0243 /* Main.storyboard */,
				D9D0012A2616E19800BD0243 /* Assets.xcassets */,
				D9D0012C2616E19800BD0243 /* LaunchScreen.storyboard */,
				D9D0012F2616E19800BD0243 /* Info.plist */,
			);
			path = LZHToolsDemo;
			sourceTree = "<group>";
		};
		D9D001372616E19900BD0243 /* LZHToolsDemoTests */ = {
			isa = PBXGroup;
			children = (
				D9D001382616E19900BD0243 /* LZHToolsDemoTests.swift */,
				D9D0013A2616E19900BD0243 /* Info.plist */,
			);
			path = LZHToolsDemoTests;
			sourceTree = "<group>";
		};
		D9D001422616E19900BD0243 /* LZHToolsDemoUITests */ = {
			isa = PBXGroup;
			children = (
				D9D001432616E19900BD0243 /* LZHToolsDemoUITests.swift */,
				D9D001452616E19900BD0243 /* Info.plist */,
			);
			path = LZHToolsDemoUITests;
			sourceTree = "<group>";
		};
/* End PBXGroup section */

/* Begin PBXNativeTarget section */
		D9D0011D2616E19600BD0243 /* LZHToolsDemo */ = {
			isa = PBXNativeTarget;
			buildConfigurationList = D9D001482616E19900BD0243 /* Build configuration list for PBXNativeTarget "LZHToolsDemo" */;
			buildPhases = (
				D9D0011A2616E19600BD0243 /* Sources */,
				D9D0011B2616E19600BD0243 /* Frameworks */,
				D9D0011C2616E19600BD0243 /* Resources */,
			);
			buildRules = (
			);
			dependencies = (
			);
			name = LZHToolsDemo;
			productName = LZHToolsDemo;
			productReference = D9D0011E2616E19600BD0243 /* LZHToolsDemo.app */;
			productType = "com.apple.product-type.application";
		};
		D9D001332616E19900BD0243 /* LZHToolsDemoTests */ = {
			isa = PBXNativeTarget;
			buildConfigurationList = D9D0014B2616E19900BD0243 /* Build configuration list for PBXNativeTarget "LZHToolsDemoTests" */;
			buildPhases = (
				D9D001302616E19900BD0243 /* Sources */,
				D9D001312616E19900BD0243 /* Frameworks */,
				D9D001322616E19900BD0243 /* Resources */,
			);
			buildRules = (
			);
			dependencies = (
				D9D001362616E19900BD0243 /* PBXTargetDependency */,
			);
			name = LZHToolsDemoTests;
			productName = LZHToolsDemoTests;
			productReference = D9D001342616E19900BD0243 /* LZHToolsDemoTests.xctest */;
			productType = "com.apple.product-type.bundle.unit-test";
		};
		D9D0013E2616E19900BD0243 /* LZHToolsDemoUITests */ = {
			isa = PBXNativeTarget;
			buildConfigurationList = D9D0014E2616E19900BD0243 /* Build configuration list for PBXNativeTarget "LZHToolsDemoUITests" */;
			buildPhases = (
				D9D0013B2616E19900BD0243 /* Sources */,
				D9D0013C2616E19900BD0243 /* Frameworks */,
				D9D0013D2616E19900BD0243 /* Resources */,
			);
			buildRules = (
			);
			dependencies = (
				D9D001412616E19900BD0243 /* PBXTargetDependency */,
			);
			name = LZHToolsDemoUITests;
			productName = LZHToolsDemoUITests;
			productReference = D9D0013F2616E19900BD0243 /* LZHToolsDemoUITests.xctest */;
			productType = "com.apple.product-type.bundle.ui-testing";
		};
/* End PBXNativeTarget section */

/* Begin PBXProject section */
		D9D001162616E19600BD0243 /* Project object */ = {
			isa = PBXProject;
			attributes = {
				LastSwiftUpdateCheck = 1240;
				LastUpgradeCheck = 1240;
				TargetAttributes = {
					D9D0011D2616E19600BD0243 = {
						CreatedOnToolsVersion = 12.4;
					};
					D9D001332616E19900BD0243 = {
						CreatedOnToolsVersion = 12.4;
						TestTargetID = D9D0011D2616E19600BD0243;
					};
					D9D0013E2616E19900BD0243 = {
						CreatedOnToolsVersion = 12.4;
						TestTargetID = D9D0011D2616E19600BD0243;
					};
				};
			};
			buildConfigurationList = D9D001192616E19600BD0243 /* Build configuration list for PBXProject "LZHToolsDemo" */;
			compatibilityVersion = "Xcode 9.3";
			developmentRegion = en;
			hasScannedForEncodings = 0;
			knownRegions = (
				en,
				Base,
			);
			mainGroup = D9D001152616E19600BD0243;
			productRefGroup = D9D0011F2616E19600BD0243 /* Products */;
			projectDirPath = "";
			projectRoot = "";
			targets = (
				D9D0011D2616E19600BD0243 /* LZHToolsDemo */,
				D9D001332616E19900BD0243 /* LZHToolsDemoTests */,
				D9D0013E2616E19900BD0243 /* LZHToolsDemoUITests */,
			);
		};
/* End PBXProject section */

/* Begin PBXResourcesBuildPhase section */
		D9D0011C2616E19600BD0243 /* Resources */ = {
			isa = PBXResourcesBuildPhase;
			buildActionMask = 2147483647;
			files = (
				D9D0012E2616E19800BD0243 /* LaunchScreen.storyboard in Resources */,
				D9D0012B2616E19800BD0243 /* Assets.xcassets in Resources */,
				D9D001292616E19600BD0243 /* Main.storyboard in Resources */,
			);
			runOnlyForDeploymentPostprocessing = 0;
		};
		D9D001322616E19900BD0243 /* Resources */ = {
			isa = PBXResourcesBuildPhase;
			buildActionMask = 2147483647;
			files = (
			);
			runOnlyForDeploymentPostprocessing = 0;
		};
		D9D0013D2616E19900BD0243 /* Resources */ = {
			isa = PBXResourcesBuildPhase;
			buildActionMask = 2147483647;
			files = (
			);
			runOnlyForDeploymentPostprocessing = 0;
		};
/* End PBXResourcesBuildPhase section */

/* Begin PBXSourcesBuildPhase section */
		D9D0011A2616E19600BD0243 /* Sources */ = {
			isa = PBXSourcesBuildPhase;
			buildActionMask = 2147483647;
			files = (
				D9C5E1E9261D6D8000CDF097 /* PLEventManger.swift in Sources */,
				D98892B32616FC180052CE94 /* LZHToolsManger.swift in Sources */,
				D9C5E1E8261D6D8000CDF097 /* EventCalendar.swift in Sources */,
				D9D001262616E19600BD0243 /* ViewController.swift in Sources */,
				D9D001222616E19600BD0243 /* AppDelegate.swift in Sources */,
				D9D001242616E19600BD0243 /* SceneDelegate.swift in Sources */,
			);
			runOnlyForDeploymentPostprocessing = 0;
		};
		D9D001302616E19900BD0243 /* Sources */ = {
			isa = PBXSourcesBuildPhase;
			buildActionMask = 2147483647;
			files = (
				D9D001392616E19900BD0243 /* LZHToolsDemoTests.swift in Sources */,
			);
			runOnlyForDeploymentPostprocessing = 0;
		};
		D9D0013B2616E19900BD0243 /* Sources */ = {
			isa = PBXSourcesBuildPhase;
			buildActionMask = 2147483647;
			files = (
				D9D001442616E19900BD0243 /* LZHToolsDemoUITests.swift in Sources */,
			);
			runOnlyForDeploymentPostprocessing = 0;
		};
/* End PBXSourcesBuildPhase section */

/* Begin PBXTargetDependency section */
		D9D001362616E19900BD0243 /* PBXTargetDependency */ = {
			isa = PBXTargetDependency;
			target = D9D0011D2616E19600BD0243 /* LZHToolsDemo */;
			targetProxy = D9D001352616E19900BD0243 /* PBXContainerItemProxy */;
		};
		D9D001412616E19900BD0243 /* PBXTargetDependency */ = {
			isa = PBXTargetDependency;
			target = D9D0011D2616E19600BD0243 /* LZHToolsDemo */;
			targetProxy = D9D001402616E19900BD0243 /* PBXContainerItemProxy */;
		};
/* End PBXTargetDependency section */

/* Begin PBXVariantGroup section */
		D9D001272616E19600BD0243 /* Main.storyboard */ = {
			isa = PBXVariantGroup;
			children = (
				D9D001282616E19600BD0243 /* Base */,
			);
			name = Main.storyboard;
			sourceTree = "<group>";
		};
		D9D0012C2616E19800BD0243 /* LaunchScreen.storyboard */ = {
			isa = PBXVariantGroup;
			children = (
				D9D0012D2616E19800BD0243 /* Base */,
			);
			name = LaunchScreen.storyboard;
			sourceTree = "<group>";
		};
/* End PBXVariantGroup section */

/* Begin XCBuildConfiguration section */
		D9D001462616E19900BD0243 /* Debug */ = {
			isa = XCBuildConfiguration;
			buildSettings = {
				ALWAYS_SEARCH_USER_PATHS = NO;
				CLANG_ANALYZER_NONNULL = YES;
				CLANG_ANALYZER_NUMBER_OBJECT_CONVERSION = YES_AGGRESSIVE;
				CLANG_CXX_LANGUAGE_STANDARD = "gnu++14";
				CLANG_CXX_LIBRARY = "libc++";
				CLANG_ENABLE_MODULES = YES;
				CLANG_ENABLE_OBJC_ARC = YES;
				CLANG_ENABLE_OBJC_WEAK = YES;
				CLANG_WARN_BLOCK_CAPTURE_AUTORELEASING = YES;
				CLANG_WARN_BOOL_CONVERSION = YES;
				CLANG_WARN_COMMA = YES;
				CLANG_WARN_CONSTANT_CONVERSION = YES;
				CLANG_WARN_DEPRECATED_OBJC_IMPLEMENTATIONS = YES;
				CLANG_WARN_DIRECT_OBJC_ISA_USAGE = YES_ERROR;
				CLANG_WARN_DOCUMENTATION_COMMENTS = YES;
				CLANG_WARN_EMPTY_BODY = YES;
				CLANG_WARN_ENUM_CONVERSION = YES;
				CLANG_WARN_INFINITE_RECURSION = YES;
				CLANG_WARN_INT_CONVERSION = YES;
				CLANG_WARN_NON_LITERAL_NULL_CONVERSION = YES;
				CLANG_WARN_OBJC_IMPLICIT_RETAIN_SELF = YES;
				CLANG_WARN_OBJC_LITERAL_CONVERSION = YES;
				CLANG_WARN_OBJC_ROOT_CLASS = YES_ERROR;
				CLANG_WARN_QUOTED_INCLUDE_IN_FRAMEWORK_HEADER = YES;
				CLANG_WARN_RANGE_LOOP_ANALYSIS = YES;
				CLANG_WARN_STRICT_PROTOTYPES = YES;
				CLANG_WARN_SUSPICIOUS_MOVE = YES;
				CLANG_WARN_UNGUARDED_AVAILABILITY = YES_AGGRESSIVE;
				CLANG_WARN_UNREACHABLE_CODE = YES;
				CLANG_WARN__DUPLICATE_METHOD_MATCH = YES;
				COPY_PHASE_STRIP = NO;
				DEBUG_INFORMATION_FORMAT = dwarf;
				ENABLE_STRICT_OBJC_MSGSEND = YES;
				ENABLE_TESTABILITY = YES;
				GCC_C_LANGUAGE_STANDARD = gnu11;
				GCC_DYNAMIC_NO_PIC = NO;
				GCC_NO_COMMON_BLOCKS = YES;
				GCC_OPTIMIZATION_LEVEL = 0;
				GCC_PREPROCESSOR_DEFINITIONS = (
					"DEBUG=1",
					"$(inherited)",
				);
				GCC_WARN_64_TO_32_BIT_CONVERSION = YES;
				GCC_WARN_ABOUT_RETURN_TYPE = YES_ERROR;
				GCC_WARN_UNDECLARED_SELECTOR = YES;
				GCC_WARN_UNINITIALIZED_AUTOS = YES_AGGRESSIVE;
				GCC_WARN_UNUSED_FUNCTION = YES;
				GCC_WARN_UNUSED_VARIABLE = YES;
				IPHONEOS_DEPLOYMENT_TARGET = 13.0;
				MTL_ENABLE_DEBUG_INFO = INCLUDE_SOURCE;
				MTL_FAST_MATH = YES;
				ONLY_ACTIVE_ARCH = YES;
				SDKROOT = iphoneos;
				SWIFT_ACTIVE_COMPILATION_CONDITIONS = DEBUG;
				SWIFT_OPTIMIZATION_LEVEL = "-Onone";
			};
			name = Debug;
		};
		D9D001472616E19900BD0243 /* Release */ = {
			isa = XCBuildConfiguration;
			buildSettings = {
				ALWAYS_SEARCH_USER_PATHS = NO;
				CLANG_ANALYZER_NONNULL = YES;
				CLANG_ANALYZER_NUMBER_OBJECT_CONVERSION = YES_AGGRESSIVE;
				CLANG_CXX_LANGUAGE_STANDARD = "gnu++14";
				CLANG_CXX_LIBRARY = "libc++";
				CLANG_ENABLE_MODULES = YES;
				CLANG_ENABLE_OBJC_ARC = YES;
				CLANG_ENABLE_OBJC_WEAK = YES;
				CLANG_WARN_BLOCK_CAPTURE_AUTORELEASING = YES;
				CLANG_WARN_BOOL_CONVERSION = YES;
				CLANG_WARN_COMMA = YES;
				CLANG_WARN_CONSTANT_CONVERSION = YES;
				CLANG_WARN_DEPRECATED_OBJC_IMPLEMENTATIONS = YES;
				CLANG_WARN_DIRECT_OBJC_ISA_USAGE = YES_ERROR;
				CLANG_WARN_DOCUMENTATION_COMMENTS = YES;
				CLANG_WARN_EMPTY_BODY = YES;
				CLANG_WARN_ENUM_CONVERSION = YES;
				CLANG_WARN_INFINITE_RECURSION = YES;
				CLANG_WARN_INT_CONVERSION = YES;
				CLANG_WARN_NON_LITERAL_NULL_CONVERSION = YES;
				CLANG_WARN_OBJC_IMPLICIT_RETAIN_SELF = YES;
				CLANG_WARN_OBJC_LITERAL_CONVERSION = YES;
				CLANG_WARN_OBJC_ROOT_CLASS = YES_ERROR;
				CLANG_WARN_QUOTED_INCLUDE_IN_FRAMEWORK_HEADER = YES;
				CLANG_WARN_RANGE_LOOP_ANALYSIS = YES;
				CLANG_WARN_STRICT_PROTOTYPES = YES;
				CLANG_WARN_SUSPICIOUS_MOVE = YES;
				CLANG_WARN_UNGUARDED_AVAILABILITY = YES_AGGRESSIVE;
				CLANG_WARN_UNREACHABLE_CODE = YES;
				CLANG_WARN__DUPLICATE_METHOD_MATCH = YES;
				COPY_PHASE_STRIP = NO;
				DEBUG_INFORMATION_FORMAT = "dwarf-with-dsym";
				ENABLE_NS_ASSERTIONS = NO;
				ENABLE_STRICT_OBJC_MSGSEND = YES;
				GCC_C_LANGUAGE_STANDARD = gnu11;
				GCC_NO_COMMON_BLOCKS = YES;
				GCC_WARN_64_TO_32_BIT_CONVERSION = YES;
				GCC_WARN_ABOUT_RETURN_TYPE = YES_ERROR;
				GCC_WARN_UNDECLARED_SELECTOR = YES;
				GCC_WARN_UNINITIALIZED_AUTOS = YES_AGGRESSIVE;
				GCC_WARN_UNUSED_FUNCTION = YES;
				GCC_WARN_UNUSED_VARIABLE = YES;
				IPHONEOS_DEPLOYMENT_TARGET = 13.0;
				MTL_ENABLE_DEBUG_INFO = NO;
				MTL_FAST_MATH = YES;
				SDKROOT = iphoneos;
				SWIFT_COMPILATION_MODE = wholemodule;
				SWIFT_OPTIMIZATION_LEVEL = "-O";
				VALIDATE_PRODUCT = YES;
			};
			name = Release;
		};
		D9D001492616E19900BD0243 /* Debug */ = {
			isa = XCBuildConfiguration;
			buildSettings = {
				ASSETCATALOG_COMPILER_APPICON_NAME = AppIcon;
				ASSETCATALOG_COMPILER_GLOBAL_ACCENT_COLOR_NAME = AccentColor;
				CODE_SIGN_STYLE = Automatic;
				DEVELOPMENT_TEAM = UVE5W6W49P;
				INFOPLIST_FILE = LZHToolsDemo/Info.plist;
				IPHONEOS_DEPLOYMENT_TARGET = 13.0;
				LD_RUNPATH_SEARCH_PATHS = (
					"$(inherited)",
					"@executable_path/Frameworks",
				);
				PRODUCT_BUNDLE_IDENTIFIER = Neusoft.LZHToolsDemo;
				PRODUCT_NAME = "$(TARGET_NAME)";
				SWIFT_VERSION = 5.0;
				TARGETED_DEVICE_FAMILY = "1,2";
			};
			name = Debug;
		};
		D9D0014A2616E19900BD0243 /* Release */ = {
			isa = XCBuildConfiguration;
			buildSettings = {
				ASSETCATALOG_COMPILER_APPICON_NAME = AppIcon;
				ASSETCATALOG_COMPILER_GLOBAL_ACCENT_COLOR_NAME = AccentColor;
				CODE_SIGN_STYLE = Automatic;
				DEVELOPMENT_TEAM = UVE5W6W49P;
				INFOPLIST_FILE = LZHToolsDemo/Info.plist;
				IPHONEOS_DEPLOYMENT_TARGET = 13.0;
				LD_RUNPATH_SEARCH_PATHS = (
					"$(inherited)",
					"@executable_path/Frameworks",
				);
				PRODUCT_BUNDLE_IDENTIFIER = Neusoft.LZHToolsDemo;
				PRODUCT_NAME = "$(TARGET_NAME)";
				SWIFT_VERSION = 5.0;
				TARGETED_DEVICE_FAMILY = "1,2";
			};
			name = Release;
		};
		D9D0014C2616E19900BD0243 /* Debug */ = {
			isa = XCBuildConfiguration;
			buildSettings = {
				ALWAYS_EMBED_SWIFT_STANDARD_LIBRARIES = YES;
				BUNDLE_LOADER = "$(TEST_HOST)";
				CODE_SIGN_STYLE = Automatic;
				DEVELOPMENT_TEAM = UVE5W6W49P;
				INFOPLIST_FILE = LZHToolsDemoTests/Info.plist;
				IPHONEOS_DEPLOYMENT_TARGET = 14.4;
				LD_RUNPATH_SEARCH_PATHS = (
					"$(inherited)",
					"@executable_path/Frameworks",
					"@loader_path/Frameworks",
				);
				PRODUCT_BUNDLE_IDENTIFIER = Neusoft.LZHToolsDemoTests;
				PRODUCT_NAME = "$(TARGET_NAME)";
				SWIFT_VERSION = 5.0;
				TARGETED_DEVICE_FAMILY = "1,2";
				TEST_HOST = "$(BUILT_PRODUCTS_DIR)/LZHToolsDemo.app/LZHToolsDemo";
			};
			name = Debug;
		};
		D9D0014D2616E19900BD0243 /* Release */ = {
			isa = XCBuildConfiguration;
			buildSettings = {
				ALWAYS_EMBED_SWIFT_STANDARD_LIBRARIES = YES;
				BUNDLE_LOADER = "$(TEST_HOST)";
				CODE_SIGN_STYLE = Automatic;
				DEVELOPMENT_TEAM = UVE5W6W49P;
				INFOPLIST_FILE = LZHToolsDemoTests/Info.plist;
				IPHONEOS_DEPLOYMENT_TARGET = 14.4;
				LD_RUNPATH_SEARCH_PATHS = (
					"$(inherited)",
					"@executable_path/Frameworks",
					"@loader_path/Frameworks",
				);
				PRODUCT_BUNDLE_IDENTIFIER = Neusoft.LZHToolsDemoTests;
				PRODUCT_NAME = "$(TARGET_NAME)";
				SWIFT_VERSION = 5.0;
				TARGETED_DEVICE_FAMILY = "1,2";
				TEST_HOST = "$(BUILT_PRODUCTS_DIR)/LZHToolsDemo.app/LZHToolsDemo";
			};
			name = Release;
		};
		D9D0014F2616E19900BD0243 /* Debug */ = {
			isa = XCBuildConfiguration;
			buildSettings = {
				ALWAYS_EMBED_SWIFT_STANDARD_LIBRARIES = YES;
				CODE_SIGN_STYLE = Automatic;
				DEVELOPMENT_TEAM = UVE5W6W49P;
				INFOPLIST_FILE = LZHToolsDemoUITests/Info.plist;
				LD_RUNPATH_SEARCH_PATHS = (
					"$(inherited)",
					"@executable_path/Frameworks",
					"@loader_path/Frameworks",
				);
				PRODUCT_BUNDLE_IDENTIFIER = Neusoft.LZHToolsDemoUITests;
				PRODUCT_NAME = "$(TARGET_NAME)";
				SWIFT_VERSION = 5.0;
				TARGETED_DEVICE_FAMILY = "1,2";
				TEST_TARGET_NAME = LZHToolsDemo;
			};
			name = Debug;
		};
		D9D001502616E19900BD0243 /* Release */ = {
			isa = XCBuildConfiguration;
			buildSettings = {
				ALWAYS_EMBED_SWIFT_STANDARD_LIBRARIES = YES;
				CODE_SIGN_STYLE = Automatic;
				DEVELOPMENT_TEAM = UVE5W6W49P;
				INFOPLIST_FILE = LZHToolsDemoUITests/Info.plist;
				LD_RUNPATH_SEARCH_PATHS = (
					"$(inherited)",
					"@executable_path/Frameworks",
					"@loader_path/Frameworks",
				);
				PRODUCT_BUNDLE_IDENTIFIER = Neusoft.LZHToolsDemoUITests;
				PRODUCT_NAME = "$(TARGET_NAME)";
				SWIFT_VERSION = 5.0;
				TARGETED_DEVICE_FAMILY = "1,2";
				TEST_TARGET_NAME = LZHToolsDemo;
			};
			name = Release;
		};
/* End XCBuildConfiguration section */

/* Begin XCConfigurationList section */
		D9D001192616E19600BD0243 /* Build configuration list for PBXProject "LZHToolsDemo" */ = {
			isa = XCConfigurationList;
			buildConfigurations = (
				D9D001462616E19900BD0243 /* Debug */,
				D9D001472616E19900BD0243 /* Release */,
			);
			defaultConfigurationIsVisible = 0;
			defaultConfigurationName = Release;
		};
		D9D001482616E19900BD0243 /* Build configuration list for PBXNativeTarget "LZHToolsDemo" */ = {
			isa = XCConfigurationList;
			buildConfigurations = (
				D9D001492616E19900BD0243 /* Debug */,
				D9D0014A2616E19900BD0243 /* Release */,
			);
			defaultConfigurationIsVisible = 0;
			defaultConfigurationName = Release;
		};
		D9D0014B2616E19900BD0243 /* Build configuration list for PBXNativeTarget "LZHToolsDemoTests" */ = {
			isa = XCConfigurationList;
			buildConfigurations = (
				D9D0014C2616E19900BD0243 /* Debug */,
				D9D0014D2616E19900BD0243 /* Release */,
			);
			defaultConfigurationIsVisible = 0;
			defaultConfigurationName = Release;
		};
		D9D0014E2616E19900BD0243 /* Build configuration list for PBXNativeTarget "LZHToolsDemoUITests" */ = {
			isa = XCConfigurationList;
			buildConfigurations = (
				D9D0014F2616E19900BD0243 /* Debug */,
				D9D001502616E19900BD0243 /* Release */,
			);
			defaultConfigurationIsVisible = 0;
			defaultConfigurationName = Release;
		};
/* End XCConfigurationList section */
	};
	rootObject = D9D001162616E19600BD0243 /* Project object */;
}
